# THIS IS AN AUTOGENERATED FILE. DO NOT EDIT THIS FILE DIRECTLY.
# yarn lockfile v1
# bun ./bun.lockb --hash: 65C090D71C965AE9-b1a9b28a175c0b51-C5D29BB382928ED5-2978873fa7c2a106


"@application-project-ws24/backend@apps/backend":
  version "workspace:apps/backend"
  resolved "workspace:apps/backend"
  devDependencies:
    "@types/bun" "latest"
  dependencies:
    hono "^4.6.8"

"@biomejs/biome@1.9.4":
  version "1.9.4"
  resolved "https://registry.npmjs.org/@biomejs/biome/-/biome-1.9.4.tgz"
  integrity sha512-1rkd7G70+o9KkTn5KLmDYXihGoTaIGO9PIIN2ZB7UJxFrWw04CZHPYiMRjYsaDvVV7hP1dYNRLxSANLaBFGpog==
  optionalDependencies:
    "@biomejs/cli-linux-x64" "1.9.4"
    "@biomejs/cli-win32-x64" "1.9.4"
    "@biomejs/cli-darwin-x64" "1.9.4"
    "@biomejs/cli-linux-arm64" "1.9.4"
    "@biomejs/cli-win32-arm64" "1.9.4"
    "@biomejs/cli-darwin-arm64" "1.9.4"
    "@biomejs/cli-linux-x64-musl" "1.9.4"
    "@biomejs/cli-linux-arm64-musl" "1.9.4"

"@biomejs/cli-darwin-arm64@1.9.4":
  version "1.9.4"
  resolved "https://registry.npmjs.org/@biomejs/cli-darwin-arm64/-/cli-darwin-arm64-1.9.4.tgz"
  integrity sha512-bFBsPWrNvkdKrNCYeAp+xo2HecOGPAy9WyNyB/jKnnedgzl4W4Hb9ZMzYNbf8dMCGmUdSavlYHiR01QaYR58cw==

"@biomejs/cli-darwin-x64@1.9.4":
  version "1.9.4"
  resolved "https://registry.npmjs.org/@biomejs/cli-darwin-x64/-/cli-darwin-x64-1.9.4.tgz"
  integrity sha512-ngYBh/+bEedqkSevPVhLP4QfVPCpb+4BBe2p7Xs32dBgs7rh9nY2AIYUL6BgLw1JVXV8GlpKmb/hNiuIxfPfZg==

"@biomejs/cli-linux-arm64@1.9.4":
  version "1.9.4"
  resolved "https://registry.npmjs.org/@biomejs/cli-linux-arm64/-/cli-linux-arm64-1.9.4.tgz"
  integrity sha512-fJIW0+LYujdjUgJJuwesP4EjIBl/N/TcOX3IvIHJQNsAqvV2CHIogsmA94BPG6jZATS4Hi+xv4SkBBQSt1N4/g==

"@biomejs/cli-linux-arm64-musl@1.9.4":
  version "1.9.4"
  resolved "https://registry.npmjs.org/@biomejs/cli-linux-arm64-musl/-/cli-linux-arm64-musl-1.9.4.tgz"
  integrity sha512-v665Ct9WCRjGa8+kTr0CzApU0+XXtRgwmzIf1SeKSGAv+2scAlW6JR5PMFo6FzqqZ64Po79cKODKf3/AAmECqA==

"@biomejs/cli-linux-x64@1.9.4":
  version "1.9.4"
  resolved "https://registry.npmjs.org/@biomejs/cli-linux-x64/-/cli-linux-x64-1.9.4.tgz"
  integrity sha512-lRCJv/Vi3Vlwmbd6K+oQ0KhLHMAysN8lXoCI7XeHlxaajk06u7G+UsFSO01NAs5iYuWKmVZjmiOzJ0OJmGsMwg==

"@biomejs/cli-linux-x64-musl@1.9.4":
  version "1.9.4"
  resolved "https://registry.npmjs.org/@biomejs/cli-linux-x64-musl/-/cli-linux-x64-musl-1.9.4.tgz"
  integrity sha512-gEhi/jSBhZ2m6wjV530Yy8+fNqG8PAinM3oV7CyO+6c3CEh16Eizm21uHVsyVBEB6RIM8JHIl6AGYCv6Q6Q9Tg==

"@biomejs/cli-win32-arm64@1.9.4":
  version "1.9.4"
  resolved "https://registry.npmjs.org/@biomejs/cli-win32-arm64/-/cli-win32-arm64-1.9.4.tgz"
  integrity sha512-tlbhLk+WXZmgwoIKwHIHEBZUwxml7bRJgk0X2sPyNR3S93cdRq6XulAZRQJ17FYGGzWne0fgrXBKpl7l4M87Hg==

"@biomejs/cli-win32-x64@1.9.4":
  version "1.9.4"
  resolved "https://registry.npmjs.org/@biomejs/cli-win32-x64/-/cli-win32-x64-1.9.4.tgz"
  integrity sha512-8Y5wMhVIPaWe6jw2H+KlEm4wP/f7EW3810ZLmDlrEEy5KvBsb9ECEfu/kMWD484ijfQ8+nIi0giMgu9g1UAuuA==

"@types/bun@latest":
  version "1.1.12"
  resolved "https://registry.npmjs.org/@types/bun/-/bun-1.1.12.tgz"
  integrity sha512-UkewJesRDP3+AW30Gc8hvxuIt+vHgYZXmVOKaXV8xnwAnMXTAs3XZDsa/jW+LSdAYhHslokSm72lq63FYYjZqA==
  dependencies:
    bun-types "1.1.32"

"@types/node@~20.12.8":
  version "20.12.14"
  resolved "https://registry.npmjs.org/@types/node/-/node-20.12.14.tgz"
  integrity sha512-scnD59RpYD91xngrQQLGkE+6UrHUPzeKZWhhjBSa3HSkwjbQc38+q3RoIVEwxQGRw3M+j5hpNAM+lgV3cVormg==
  dependencies:
    undici-types "~5.26.4"

"@types/node@*":
  version "20.17.3"
  resolved "https://registry.npmjs.org/@types/node/-/node-20.17.3.tgz"
  integrity sha512-tSQrmKKatLDGnG92h40GD7FzUt0MjahaHwOME4VAFeeA/Xopayq5qLyQRy7Jg/pjgKIFBXuKcGhJo+UdYG55jQ==
  dependencies:
    undici-types "~6.19.2"

"@types/ws@~8.5.10":
  version "8.5.12"
  resolved "https://registry.npmjs.org/@types/ws/-/ws-8.5.12.tgz"
  integrity sha512-3tPRkv1EtkDpzlgyKyI8pGsGZAGPEaXeu0DOj5DI25Ja91bdAYddYHbADRYVrZMRbfW+1l5YwXVDKohDJNQxkQ==
  dependencies:
    "@types/node" "*"

bun-types@1.1.32:
  version "1.1.32"
  resolved "https://registry.npmjs.org/bun-types/-/bun-types-1.1.32.tgz"
  integrity sha512-Lxgux4InO/WRjSAEy3iyDscsnDXR8+3rgNDeZYjPAizFYjUraoNuMl9PuRd9XMgFZgdyQwaUX7/QHmOw5KGFQw==
  dependencies:
    "@types/ws" "~8.5.10"
    "@types/node" "~20.12.8"

hono@^4.6.8:
  version "4.6.8"
  resolved "https://registry.npmjs.org/hono/-/hono-4.6.8.tgz"
  integrity sha512-f+2Ec9JAzabT61pglDiLJcF/DjiSefZkjCn9bzm1cYLGkD5ExJ3Jnv93ax9h0bn7UPLHF81KktoyjdQfWI2n1Q==

turbo@^2.2.3:
  version "2.2.3"
  resolved "https://registry.npmjs.org/turbo/-/turbo-2.2.3.tgz"
  integrity sha512-5lDvSqIxCYJ/BAd6rQGK/AzFRhBkbu4JHVMLmGh/hCb7U3CqSnr5Tjwfy9vc+/5wG2DJ6wttgAaA7MoCgvBKZQ==
  optionalDependencies:
    turbo-linux-64 "2.2.3"
    turbo-darwin-64 "2.2.3"
    turbo-windows-64 "2.2.3"
    turbo-linux-arm64 "2.2.3"
    turbo-darwin-arm64 "2.2.3"
    turbo-windows-arm64 "2.2.3"

turbo-darwin-64@2.2.3:
  version "2.2.3"
  resolved "https://registry.npmjs.org/turbo-darwin-64/-/turbo-darwin-64-2.2.3.tgz"
  integrity sha512-Rcm10CuMKQGcdIBS3R/9PMeuYnv6beYIHqfZFeKWVYEWH69sauj4INs83zKMTUiZJ3/hWGZ4jet9AOwhsssLyg==

turbo-darwin-arm64@2.2.3:
  version "2.2.3"
  resolved "https://registry.npmjs.org/turbo-darwin-arm64/-/turbo-darwin-arm64-2.2.3.tgz"
  integrity sha512-+EIMHkuLFqUdJYsA3roj66t9+9IciCajgj+DVek+QezEdOJKcRxlvDOS2BUaeN8kEzVSsNiAGnoysFWYw4K0HA==

turbo-linux-64@2.2.3:
  version "2.2.3"
  resolved "https://registry.npmjs.org/turbo-linux-64/-/turbo-linux-64-2.2.3.tgz"
  integrity sha512-UBhJCYnqtaeOBQLmLo8BAisWbc9v9daL9G8upLR+XGj6vuN/Nz6qUAhverN4Pyej1g4Nt1BhROnj6GLOPYyqxQ==

turbo-linux-arm64@2.2.3:
  version "2.2.3"
  resolved "https://registry.npmjs.org/turbo-linux-arm64/-/turbo-linux-arm64-2.2.3.tgz"
  integrity sha512-hJYT9dN06XCQ3jBka/EWvvAETnHRs3xuO/rb5bESmDfG+d9yQjeTMlhRXKrr4eyIMt6cLDt1LBfyi+6CQ+VAwQ==

turbo-windows-64@2.2.3:
  version "2.2.3"
  resolved "https://registry.npmjs.org/turbo-windows-64/-/turbo-windows-64-2.2.3.tgz"
  integrity sha512-NPrjacrZypMBF31b4HE4ROg4P3nhMBPHKS5WTpMwf7wydZ8uvdEHpESVNMOtqhlp857zbnKYgP+yJF30H3N2dQ==

turbo-windows-arm64@2.2.3:
  version "2.2.3"
  resolved "https://registry.npmjs.org/turbo-windows-arm64/-/turbo-windows-arm64-2.2.3.tgz"
  integrity sha512-fnNrYBCqn6zgKPKLHu4sOkihBI/+0oYFr075duRxqUZ+1aLWTAGfHZLgjVeLh3zR37CVzuerGIPWAEkNhkWEIw==

typescript@5.6.3:
  version "5.6.3"
  resolved "https://registry.npmjs.org/typescript/-/typescript-5.6.3.tgz"
  integrity sha512-hjcS1mhfuyi4WW8IWtjP7brDrG2cuDZukyrYrSauoXGNgx0S7zceP07adYkJycEr56BOUTNPzbInooiN3fn1qw==

undici-types@~5.26.4:
  version "5.26.5"
  resolved "https://registry.npmjs.org/undici-types/-/undici-types-5.26.5.tgz"
  integrity sha512-JlCMO+ehdEIKqlFxk6IfVoAUVmgz7cU7zD/h9XZ0qzeosSHmUJVOzSQvvYSYWXkFXC+IfLKSIffhv0sVZup6pA==

undici-types@~6.19.2:
  version "6.19.8"
  resolved "https://registry.npmjs.org/undici-types/-/undici-types-6.19.8.tgz"
  integrity sha512-ve2KP6f/JnbPBFyobGHuerC9g1FYGn/F8n1LWTwNxCEzd6IfqTwUQcNXgEtmmQ6DlRrC1hrSrBnCZPokRrDHjw==
